
Microsoft Visual Studio Solution File, Format Version 12.00
# Visual Studio Version 16
VisualStudioVersion = 16.0.32106.194
MinimumVisualStudioVersion = 10.0.40219.1
Project("{FAE04EC0-301F-11D3-BF4B-00C04F79EFBC}") = "sudoku", "sudoku\sudoku.csproj", "{57C1288A-2744-4F59-81A7-90A0493E7536}"
EndProject
Global
	GlobalSection(SolutionConfigurationPlatforms) = preSolution
		Debug|Any CPU = Debug|Any CPU
		Release|Any CPU = Release|Any CPU
	EndGlobalSection
	GlobalSection(ProjectConfigurationPlatforms) = postSolution
		{57C1288A-2744-4F59-81A7-90A0493E7536}.Debug|Any CPU.ActiveCfg = Debug|Any CPU
		{57C1288A-2744-4F59-81A7-90A0493E7536}.Debug|Any CPU.Build.0 = Debug|Any CPU
		{57C1288A-2744-4F59-81A7-90A0493E7536}.Release|Any CPU.ActiveCfg = Release|Any CPU
		{57C1288A-2744-4F59-81A7-90A0493E7536}.Release|Any CPU.Build.0 = Release|Any CPU
	EndGlobalSection
	GlobalSection(SolutionProperties) = preSolution
		HideSolutionNode = FALSE
	EndGlobalSection
	GlobalSection(ExtensibilityGlobals) = postSolution
		SolutionGuid = {702EA8BB-F532-43C1-8339-CE7D2BE2B7E0}
	EndGlobalSection
EndGlobal
